
Microsoft Visual Studio Solution File, Format Version 12.00
# Visual Studio Version 16
VisualStudioVersion = 16.0.31205.134
MinimumVisualStudioVersion = 10.0.40219.1
Project("{FAE04EC0-301F-11D3-BF4B-00C04F79EFBC}") = "VariablesPractice", "VariablesPractice\VariablesPractice.csproj", "{7EAE6016-E653-45B4-A7BB-CC4A024543F8}"
EndProject
Global
	GlobalSection(SolutionConfigurationPlatforms) = preSolution
		Debug|Any CPU = Debug|Any CPU
		Release|Any CPU = Release|Any CPU
	EndGlobalSection
	GlobalSection(ProjectConfigurationPlatforms) = postSolution
		{7EAE6016-E653-45B4-A7BB-CC4A024543F8}.Debug|Any CPU.ActiveCfg = Debug|Any CPU
		{7EAE6016-E653-45B4-A7BB-CC4A024543F8}.Debug|Any CPU.Build.0 = Debug|Any CPU
		{7EAE6016-E653-45B4-A7BB-CC4A024543F8}.Release|Any CPU.ActiveCfg = Release|Any CPU
		{7EAE6016-E653-45B4-A7BB-CC4A024543F8}.Release|Any CPU.Build.0 = Release|Any CPU
	EndGlobalSection
	GlobalSection(SolutionProperties) = preSolution
		HideSolutionNode = FALSE
	EndGlobalSection
	GlobalSection(ExtensibilityGlobals) = postSolution
		SolutionGuid = {DA8A0C19-461F-4DBF-A365-C8064A0425B0}
	EndGlobalSection
EndGlobal
